{
  "nodes": {
    "agent-sandbox": {
      "inputs": {
        "nixpkgs": [
          "nixpkgs"
        ]
      },
      "locked": {
        "lastModified": 1780609351,
        "narHash": "sha256-BTIsR6fDhkU4pmNzhjiajPtlE7/HiHMMXLvjTR6ASIU=",
        "owner": "archie-judd",
        "repo": "agent-sandbox.nix",
        "rev": "5271837a5d864d516cd45c01e8279de54d81246f",
        "type": "github"
      },
      "original": {
        "owner": "archie-judd",
        "repo": "agent-sandbox.nix",
        "type": "github"
      }
    },
    "angrr": {
      "inputs": {
        "flake-compat": "flake-compat",
        "flake-parts": "flake-parts",
        "nix-darwin": [
          "nix-darwin"
        ],
        "nixpkgs": [
          "nixpkgs"
        ],
        "treefmt-nix": "treefmt-nix"
      },
      "locked": {
        "lastModified": 1780074561,
        "narHash": "sha256-MTWqfyezv2Kkutq5xEm27iarrAFDD4s22WBK/Q4IOYo=",
        "owner": "linyinfeng",
        "repo": "angrr",
        "rev": "2297e507f80e9e672fc7ed3e5b2aaad2593e4add",
        "type": "github"
      },
      "original": {
        "owner": "linyinfeng",
        "repo": "angrr",
        "type": "github"
      }
    },
    "automader": {
      "inputs": {
        "flake-parts": "flake-parts_2",
        "nixpkgs": [
          "nixpkgs"
        ]
      },
      "locked": {
        "lastModified": 1771899001,
        "narHash": "sha256-Q9wNG5HImzgAQSQoqip2dOn5Mww964VaSSN6gA762FY=",
        "owner": "amusingimpala75",
        "repo": "automata_grader",
        "rev": "4a7f179b9240d3a7ddd0b328724fccacb3983284",
        "type": "github"
      },
      "original": {
        "owner": "amusingimpala75",
        "repo": "automata_grader",
        "type": "github"
      }
    },
    "bible": {
      "inputs": {
        "flake-parts": "flake-parts_3",
        "nixpkgs": [
          "nixpkgs"
        ]
      },
      "locked": {
        "lastModified": 1770932759,
        "narHash": "sha256-7uO2zM0Gggd/qJiqdI5NdCo6OEsXAWCXj/TQjAfIoEQ=",
        "owner": "amusingimpala75",
        "repo": "bible.sh",
        "rev": "674352edbd613b75a059d8df200a3875803b9b4e",
        "type": "github"
      },
      "original": {
        "owner": "amusingimpala75",
        "repo": "bible.sh",
        "type": "github"
      }
    },
    "breaktime": {
      "inputs": {
        "flake-parts": "flake-parts_4",
        "nixpkgs": [
          "nixpkgs"
        ]
      },
      "locked": {
        "lastModified": 1778711618,
        "narHash": "sha256-fth8iOuvOdNLd8b/IKsPTSjoJe2y9aK8WwSP7kG/OoI=",
        "owner": "amusingimpala75",
        "repo": "breaktime",
        "rev": "83f5dbf657fda12de3f1cbb58975777d6d761cd7",
        "type": "github"
      },
      "original": {
        "owner": "amusingimpala75",
        "repo": "breaktime",
        "type": "github"
      }
    },
    "brew-api": {
      "flake": false,
      "locked": {
        "lastModified": 1780657589,
        "narHash": "sha256-Ywhg0CLIoLXrTyr/QIdEcGmGjZqX5VkIT0l2SkmlIlQ=",
        "owner": "BatteredBunny",
        "repo": "brew-api",
        "rev": "4c4abfaf565b4acc39d5c1319968959c49cfe502",
        "type": "github"
      },
      "original": {
        "owner": "BatteredBunny",
        "repo": "brew-api",
        "type": "github"
      }
    },
    "brew-nix": {
      "inputs": {
        "brew-api": [
          "brew-api"
        ],
        "nix-darwin": [
          "nix-darwin"
        ],
        "nixpkgs": [
          "nixpkgs"
        ]
      },
      "locked": {
        "lastModified": 1780306103,
        "narHash": "sha256-si58gIStHng+T+AE430vrXzg0r4BJWtnxzwqAKYhEFw=",
        "owner": "BatteredBunny",
        "repo": "brew-nix",
        "rev": "d40695006e0313d131c668d926d92c0fcd737e2a",
        "type": "github"
      },
      "original": {
        "owner": "BatteredBunny",
        "repo": "brew-nix",
        "type": "github"
      }
    },
    "ccusage": {
      "inputs": {
        "agent-skills": [],
        "crane": "crane",
        "flake-parts": "flake-parts_5",
        "git-hooks": "git-hooks",
        "litellm": "litellm",
        "nix-filter": "nix-filter",
        "nixpkgs": [
          "nixpkgs"
        ],
        "rust-overlay": "rust-overlay",
        "treefmt-nix": "treefmt-nix_2"
      },
      "locked": {
        "lastModified": 1780316844,
        "narHash": "sha256-mxKbFAAujXSIHNYrMM6ApaAd2f+AfnoJ6imWWn5qndM=",
        "owner": "ryoppippi",
        "repo": "ccusage",
        "rev": "1f2bcd5f027e6b9723c011c9c26d5f262dbe91a8",
        "type": "github"
      },
      "original": {
        "owner": "ryoppippi",
        "repo": "ccusage",
        "type": "github"
      }
    },
    "crane": {
      "locked": {
        "lastModified": 1779130139,
        "narHash": "sha256-BLrtr42azquO7MdGFU5a7KiMl3YpFlTeIXqy1fT5GlQ=",
        "owner": "ipetkov",
        "repo": "crane",
        "rev": "edb38893982a3338972bb4a2ec7ce7c29ba10fd9",
        "type": "github"
      },
      "original": {
        "owner": "ipetkov",
        "repo": "crane",
        "type": "github"
      }
    },
    "disko": {
      "inputs": {
        "nixpkgs": [
          "nixpkgs"
        ]
      },
      "locked": {
        "lastModified": 1780290312,
        "narHash": "sha256-eTAlX0CwgB84Ts3GaBd944A3DRXVMzgA0EqroZBISUo=",
        "owner": "nix-community",
        "repo": "disko",
        "rev": "115e5211780054d8a890b41f0b7734cafad54dfe",
        "type": "github"
      },
      "original": {
        "owner": "nix-community",
        "repo": "disko",
        "type": "github"
      }
    },
    "emacs-overlay": {
      "inputs": {
        "nixpkgs": [
          "nixpkgs"
        ],
        "nixpkgs-stable": [
          "nixpkgs-stable-nixos"
        ]
      },
      "locked": {
        "lastModified": 1780659048,
        "narHash": "sha256-GOIysRSBVA1LqTiMv4HpXPmCCArct2VuyqFI4sO9U4U=",
        "owner": "nix-community",
        "repo": "emacs-overlay",
        "rev": "1294ccb9b417f4f71d7469f21e52f04f0db3a0bb",
        "type": "github"
      },
      "original": {
        "owner": "nix-community",
        "repo": "emacs-overlay",
        "type": "github"
      }
    },
    "fenix": {
      "inputs": {
        "nixpkgs": [
          "jj-spr",
          "nixpkgs"
        ],
        "rust-analyzer-src": "rust-analyzer-src"
      },
      "locked": {
        "lastModified": 1761720242,
        "narHash": "sha256-Zi9nWw68oUDMVOhf/+Z97wVbNV2K7eEAGZugQKqU7xw=",
        "owner": "nix-community",
        "repo": "fenix",
        "rev": "8e4d32f4cc12b3f106af6e4515b36ac046a1ec91",
        "type": "github"
      },
      "original": {
        "owner": "nix-community",
        "repo": "fenix",
        "type": "github"
      }
    },
    "flake-compat": {
      "flake": false,
      "locked": {
        "lastModified": 1767039857,
        "narHash": "sha256-vNpUSpF5Nuw8xvDLj2KCwwksIbjua2LZCqhV1LNRDns=",
        "owner": "edolstra",
        "repo": "flake-compat",
        "rev": "5edf11c44bc78a0d334f6334cdaf7d60d732daab",
        "type": "github"
      },
      "original": {
        "owner": "edolstra",
        "repo": "flake-compat",
        "type": "github"
      }
    },
    "flake-compat_2": {
      "flake": false,
      "locked": {
        "lastModified": 1767039857,
        "narHash": "sha256-vNpUSpF5Nuw8xvDLj2KCwwksIbjua2LZCqhV1LNRDns=",
        "owner": "NixOS",
        "repo": "flake-compat",
        "rev": "5edf11c44bc78a0d334f6334cdaf7d60d732daab",
        "type": "github"
      },
      "original": {
        "owner": "NixOS",
        "repo": "flake-compat",
        "type": "github"
      }
    },
    "flake-compat_3": {
      "flake": false,
      "locked": {
        "lastModified": 1747046372,
        "narHash": "sha256-CIVLLkVgvHYbgI2UpXvIIBJ12HWgX+fjA8Xf8PUmqCY=",
        "owner": "edolstra",
        "repo": "flake-compat",
        "rev": "9100a0f413b0c601e0533d1d94ffd501ce2e7885",
        "type": "github"
      },
      "original": {
        "owner": "edolstra",
        "repo": "flake-compat",
        "type": "github"
      }
    },
    "flake-compat_4": {
      "flake": false,
      "locked": {
        "lastModified": 1767039857,
        "narHash": "sha256-vNpUSpF5Nuw8xvDLj2KCwwksIbjua2LZCqhV1LNRDns=",
        "owner": "edolstra",
        "repo": "flake-compat",
        "rev": "5edf11c44bc78a0d334f6334cdaf7d60d732daab",
        "type": "github"
      },
      "original": {
        "owner": "edolstra",
        "repo": "flake-compat",
        "type": "github"
      }
    },
    "flake-file": {
      "locked": {
        "lastModified": 1779051720,
        "narHash": "sha256-+jbXnODsR19pFKB0x/6kHhFgW6yV6N+CGClFr45eDU8=",
        "owner": "denful",
        "repo": "flake-file",
        "rev": "c58eb27d9434e5be0c8693f1eb18d47035bc21ba",
        "type": "github"
      },
      "original": {
        "owner": "denful",
        "repo": "flake-file",
        "type": "github"
      }
    },
    "flake-parts": {
      "inputs": {
        "nixpkgs-lib": [
          "angrr",
          "nixpkgs"
        ]
      },
      "locked": {
        "lastModified": 1778716662,
        "narHash": "sha256-m1Yf0wZ8j1OHjTc2UwHwyQRSnNeSgLJOd7q5Y45hzi4=",
        "owner": "hercules-ci",
        "repo": "flake-parts",
        "rev": "f7c1a2d347e4c52d5fb8d10cb4d94b5884e546fb",
        "type": "github"
      },
      "original": {
        "owner": "hercules-ci",
        "repo": "flake-parts",
        "type": "github"
      }
    },
    "flake-parts_2": {
      "inputs": {
        "nixpkgs-lib": "nixpkgs-lib"
      },
      "locked": {
        "lastModified": 1768135262,
        "narHash": "sha256-PVvu7OqHBGWN16zSi6tEmPwwHQ4rLPU9Plvs8/1TUBY=",
        "owner": "hercules-ci",
        "repo": "flake-parts",
        "rev": "80daad04eddbbf5a4d883996a73f3f542fa437ac",
        "type": "github"
      },
      "original": {
        "owner": "hercules-ci",
        "repo": "flake-parts",
        "type": "github"
      }
    },
    "flake-parts_3": {
      "inputs": {
        "nixpkgs-lib": "nixpkgs-lib_2"
      },
      "locked": {
        "lastModified": 1740872218,
        "narHash": "sha256-ZaMw0pdoUKigLpv9HiNDH2Pjnosg7NBYMJlHTIsHEUo=",
        "owner": "hercules-ci",
        "repo": "flake-parts",
        "rev": "3876f6b87db82f33775b1ef5ea343986105db764",
        "type": "github"
      },
      "original": {
        "owner": "hercules-ci",
        "repo": "flake-parts",
        "type": "github"
      }
    },
    "flake-parts_4": {
      "inputs": {
        "nixpkgs-lib": "nixpkgs-lib_3"
      },
      "locked": {
        "lastModified": 1777988971,
        "narHash": "sha256-qIoWPDs+0/8JecyYgE3gpKQxW/4bLW/gp45vow9ioCQ=",
        "owner": "hercules-ci",
        "repo": "flake-parts",
        "rev": "0678d8986be1661af6bb555f3489f2fdfc31f6ff",
        "type": "github"
      },
      "original": {
        "owner": "hercules-ci",
        "repo": "flake-parts",
        "type": "github"
      }
    },
    "flake-parts_5": {
      "inputs": {
        "nixpkgs-lib": "nixpkgs-lib_4"
      },
      "locked": {
        "lastModified": 1778716662,
        "narHash": "sha256-m1Yf0wZ8j1OHjTc2UwHwyQRSnNeSgLJOd7q5Y45hzi4=",
        "owner": "hercules-ci",
        "repo": "flake-parts",
        "rev": "f7c1a2d347e4c52d5fb8d10cb4d94b5884e546fb",
        "type": "github"
      },
      "original": {
        "owner": "hercules-ci",
        "repo": "flake-parts",
        "type": "github"
      }
    },
    "flake-parts_6": {
      "inputs": {
        "nixpkgs-lib": "nixpkgs-lib_5"
      },
      "locked": {
        "lastModified": 1778716662,
        "narHash": "sha256-m1Yf0wZ8j1OHjTc2UwHwyQRSnNeSgLJOd7q5Y45hzi4=",
        "owner": "hercules-ci",
        "repo": "flake-parts",
        "rev": "f7c1a2d347e4c52d5fb8d10cb4d94b5884e546fb",
        "type": "github"
      },
      "original": {
        "owner": "hercules-ci",
        "repo": "flake-parts",
        "type": "github"
      }
    },
    "flake-parts_7": {
      "inputs": {
        "nixpkgs-lib": [
          "hister",
          "nixpkgs"
        ]
      },
      "locked": {
        "lastModified": 1778716662,
        "narHash": "sha256-m1Yf0wZ8j1OHjTc2UwHwyQRSnNeSgLJOd7q5Y45hzi4=",
        "owner": "hercules-ci",
        "repo": "flake-parts",
        "rev": "f7c1a2d347e4c52d5fb8d10cb4d94b5884e546fb",
        "type": "github"
      },
      "original": {
        "owner": "hercules-ci",
        "repo": "flake-parts",
        "type": "github"
      }
    },
    "flake-parts_8": {
      "inputs": {
        "nixpkgs-lib": "nixpkgs-lib_6"
      },
      "locked": {
        "lastModified": 1760948891,
        "narHash": "sha256-TmWcdiUUaWk8J4lpjzu4gCGxWY6/Ok7mOK4fIFfBuU4=",
        "owner": "hercules-ci",
        "repo": "flake-parts",
        "rev": "864599284fc7c0ba6357ed89ed5e2cd5040f0c04",
        "type": "github"
      },
      "original": {
        "owner": "hercules-ci",
        "repo": "flake-parts",
        "type": "github"
      }
    },
    "flake-parts_9": {
      "inputs": {
        "nixpkgs-lib": [
          "nur",
          "nixpkgs"
        ]
      },
      "locked": {
        "lastModified": 1733312601,
        "narHash": "sha256-4pDvzqnegAfRkPwO3wmwBhVi/Sye1mzps0zHWYnP88c=",
        "owner": "hercules-ci",
        "repo": "flake-parts",
        "rev": "205b12d8b7cd4802fbcb8e8ef6a0f1408781a4f9",
        "type": "github"
      },
      "original": {
        "owner": "hercules-ci",
        "repo": "flake-parts",
        "type": "github"
      }
    },
    "git-hooks": {
      "inputs": {
        "flake-compat": "flake-compat_2",
        "gitignore": "gitignore",
        "nixpkgs": [
          "ccusage",
          "nixpkgs"
        ]
      },
      "locked": {
        "lastModified": 1778507602,
        "narHash": "sha256-kTwur1wV+01SdqskVMSo6JMEpg71ps3HpbFY2GsflKs=",
        "owner": "cachix",
        "repo": "git-hooks.nix",
        "rev": "61ab0e80d9c7ab14c256b5b453d8b3fb0189ba0a",
        "type": "github"
      },
      "original": {
        "owner": "cachix",
        "repo": "git-hooks.nix",
        "type": "github"
      }
    },
    "git-hooks_2": {
      "inputs": {
        "flake-compat": "flake-compat_3",
        "gitignore": "gitignore_2",
        "nixpkgs": [
          "jj-spr",
          "nixpkgs"
        ]
      },
      "locked": {
        "lastModified": 1760663237,
        "narHash": "sha256-BflA6U4AM1bzuRMR8QqzPXqh8sWVCNDzOdsxXEguJIc=",
        "owner": "cachix",
        "repo": "git-hooks.nix",
        "rev": "ca5b894d3e3e151ffc1db040b6ce4dcc75d31c37",
        "type": "github"
      },
      "original": {
        "owner": "cachix",
        "repo": "git-hooks.nix",
        "type": "github"
      }
    },
    "gitignore": {
      "inputs": {
        "nixpkgs": [
          "ccusage",
          "git-hooks",
          "nixpkgs"
        ]
      },
      "locked": {
        "lastModified": 1709087332,
        "narHash": "sha256-HG2cCnktfHsKV0s4XW83gU3F57gaTljL9KNSuG6bnQs=",
        "owner": "hercules-ci",
        "repo": "gitignore.nix",
        "rev": "637db329424fd7e46cf4185293b9cc8c88c95394",
        "type": "github"
      },
      "original": {
        "owner": "hercules-ci",
        "repo": "gitignore.nix",
        "type": "github"
      }
    },
    "gitignore_2": {
      "inputs": {
        "nixpkgs": [
          "jj-spr",
          "git-hooks",
          "nixpkgs"
        ]
      },
      "locked": {
        "lastModified": 1709087332,
        "narHash": "sha256-HG2cCnktfHsKV0s4XW83gU3F57gaTljL9KNSuG6bnQs=",
        "owner": "hercules-ci",
        "repo": "gitignore.nix",
        "rev": "637db329424fd7e46cf4185293b9cc8c88c95394",
        "type": "github"
      },
      "original": {
        "owner": "hercules-ci",
        "repo": "gitignore.nix",
        "type": "github"
      }
    },
    "hister": {
      "inputs": {
        "flake-parts": "flake-parts_7",
        "nixpkgs": [
          "nixpkgs"
        ]
      },
      "locked": {
        "lastModified": 1780652011,
        "narHash": "sha256-YqT+6V+/uqKVcB4BQwzxze/o3ZLd/qypxDOXL9TPQy8=",
        "owner": "asciimoo",
        "repo": "hister",
        "rev": "1fac00b805695ba99ea891ef9e124720c49f2975",
        "type": "github"
      },
      "original": {
        "owner": "asciimoo",
        "repo": "hister",
        "type": "github"
      }
    },
    "home-manager": {
      "inputs": {
        "nixpkgs": [
          "nixpkgs"
        ]
      },
      "locked": {
        "lastModified": 1780593650,
        "narHash": "sha256-CHo7k65YTL3HY+WQVedDTupji+LMgNlKCdrtRHZFAK4=",
        "owner": "nix-community",
        "repo": "home-manager",
        "rev": "447fd9ff62501dae7206dfe180ee89f8de27b7d5",
        "type": "github"
      },
      "original": {
        "owner": "nix-community",
        "repo": "home-manager",
        "type": "github"
      }
    },
    "impermanence": {
      "inputs": {
        "home-manager": [
          "home-manager"
        ],
        "nixpkgs": [
          "nixpkgs"
        ]
      },
      "locked": {
        "lastModified": 1769548169,
        "narHash": "sha256-03+JxvzmfwRu+5JafM0DLbxgHttOQZkUtDWBmeUkN8Y=",
        "owner": "nix-community",
        "repo": "impermanence",
        "rev": "7b1d382faf603b6d264f58627330f9faa5cba149",
        "type": "github"
      },
      "original": {
        "owner": "nix-community",
        "repo": "impermanence",
        "type": "github"
      }
    },
    "jj-spr": {
      "inputs": {
        "fenix": "fenix",
        "flake-parts": "flake-parts_8",
        "git-hooks": "git-hooks_2",
        "nixpkgs": [
          "nixpkgs"
        ],
        "treefmt-nix": "treefmt-nix_3"
      },
      "locked": {
        "lastModified": 1774295354,
        "narHash": "sha256-FaCsr+NSW5wzBLu9vpZxq4tyHV4fMViRuVbm5P3k53Y=",
        "owner": "amusingimpala75",
        "repo": "jj-spr",
        "rev": "d03c0d55db97e68427635eb13bb7d638d1dc028a",
        "type": "github"
      },
      "original": {
        "owner": "amusingimpala75",
        "ref": "fix-nix-jj-38",
        "repo": "jj-spr",
        "type": "github"
      }
    },
    "litellm": {
      "flake": false,
      "locked": {
        "lastModified": 1780038305,
        "narHash": "sha256-os5zGH6kXGKR2xNK9M+CDXbiOEhnztgRZYwieZZeU2g=",
        "owner": "BerriAI",
        "repo": "litellm",
        "rev": "f27df8d516802ce4c1b32973992154fe83b851cf",
        "type": "github"
      },
      "original": {
        "owner": "BerriAI",
        "repo": "litellm",
        "type": "github"
      }
    },
    "nix-darwin": {
      "inputs": {
        "nixpkgs": [
          "nixpkgs"
        ]
      },
      "locked": {
        "lastModified": 1779036909,
        "narHash": "sha256-zXcwYQGCT6pzinK+1dBB2ekTVtfxGZAapb3Evdcu4fY=",
        "owner": "LnL7",
        "repo": "nix-darwin",
        "rev": "56c666e108467d87d13508936aade6d567f2a501",
        "type": "github"
      },
      "original": {
        "owner": "LnL7",
        "repo": "nix-darwin",
        "type": "github"
      }
    },
    "nix-filter": {
      "locked": {
        "lastModified": 1757882181,
        "narHash": "sha256-+cCxYIh2UNalTz364p+QYmWHs0P+6wDhiWR4jDIKQIU=",
        "owner": "numtide",
        "repo": "nix-filter",
        "rev": "59c44d1909c72441144b93cf0f054be7fe764de5",
        "type": "github"
      },
      "original": {
        "owner": "numtide",
        "repo": "nix-filter",
        "type": "github"
      }
    },
    "nix-index-database": {
      "inputs": {
        "nixpkgs": [
          "nixpkgs"
        ]
      },
      "locked": {
        "lastModified": 1780210899,
        "narHash": "sha256-4axz3OBPTKa6LIkXV8n0lc63MQU+et2CB5DGobEAi6k=",
        "owner": "nix-community",
        "repo": "nix-index-database",
        "rev": "97df9dc0b7c924344b793a15c1e8e4522ebb854e",
        "type": "github"
      },
      "original": {
        "owner": "nix-community",
        "repo": "nix-index-database",
        "type": "github"
      }
    },
    "nixos-anywhere": {
      "inputs": {
        "disko": [],
        "nix-vm-test": [],
        "nixos-images": [],
        "nixos-stable": [],
        "nixpkgs": [
          "nixpkgs"
        ],
        "treefmt-nix": []
      },
      "locked": {
        "lastModified": 1780536883,
        "narHash": "sha256-n5NWNEU9QPVIVEQtCsC1vF6AJR68nlloiK+KAXnct2s=",
        "owner": "nix-community",
        "repo": "nixos-anywhere",
        "rev": "3243224110cb45887fdc983c377e0b9908333732",
        "type": "github"
      },
      "original": {
        "owner": "nix-community",
        "repo": "nixos-anywhere",
        "type": "github"
      }
    },
    "nixos-wsl": {
      "inputs": {
        "flake-compat": "flake-compat_4",
        "nixpkgs": [
          "nixpkgs"
        ]
      },
      "locked": {
        "lastModified": 1780525334,
        "narHash": "sha256-IsKkAEN/9x0MRIrZduykgLJxME8L70KNknC+3iII6Yo=",
        "owner": "nix-community",
        "repo": "NixOS-WSL",
        "rev": "cde346714cb46261648cac80c361dbd388f82f20",
        "type": "github"
      },
      "original": {
        "owner": "nix-community",
        "ref": "main",
        "repo": "NixOS-WSL",
        "type": "github"
      }
    },
    "nixpkgs": {
      "locked": {
        "lastModified": 1780365719,
        "narHash": "sha256-QfWfccTN+70ZQ4m2qlU9PiKfz2Yppq94058iJyARNwc=",
        "owner": "NixOS",
        "repo": "nixpkgs",
        "rev": "ffa10e26ae11d676b2db836259889f1f571cb14f",
        "type": "github"
      },
      "original": {
        "owner": "NixOS",
        "ref": "nixpkgs-unstable",
        "repo": "nixpkgs",
        "type": "github"
      }
    },
    "nixpkgs-bleeding": {
      "locked": {
        "lastModified": 1780365719,
        "narHash": "sha256-QfWfccTN+70ZQ4m2qlU9PiKfz2Yppq94058iJyARNwc=",
        "owner": "NixOS",
        "repo": "nixpkgs",
        "rev": "ffa10e26ae11d676b2db836259889f1f571cb14f",
        "type": "github"
      },
      "original": {
        "owner": "NixOS",
        "ref": "nixpkgs-unstable",
        "repo": "nixpkgs",
        "type": "github"
      }
    },
    "nixpkgs-lib": {
      "locked": {
        "lastModified": 1765674936,
        "narHash": "sha256-k00uTP4JNfmejrCLJOwdObYC9jHRrr/5M/a/8L2EIdo=",
        "owner": "nix-community",
        "repo": "nixpkgs.lib",
        "rev": "2075416fcb47225d9b68ac469a5c4801a9c4dd85",
        "type": "github"
      },
      "original": {
        "owner": "nix-community",
        "repo": "nixpkgs.lib",
        "type": "github"
      }
    },
    "nixpkgs-lib_2": {
      "locked": {
        "lastModified": 1740872140,
        "narHash": "sha256-3wHafybyRfpUCLoE8M+uPVZinImg3xX+Nm6gEfN3G8I=",
        "type": "tarball",
        "url": "https://github.com/NixOS/nixpkgs/archive/6d3702243441165a03f699f64416f635220f4f15.tar.gz"
      },
      "original": {
        "type": "tarball",
        "url": "https://github.com/NixOS/nixpkgs/archive/6d3702243441165a03f699f64416f635220f4f15.tar.gz"
      }
    },
    "nixpkgs-lib_3": {
      "locked": {
        "lastModified": 1777168982,
        "narHash": "sha256-GOkGPcboWE9BmGCRMLX3worL4EMnsnG8MyKmXNeYuhQ=",
        "owner": "nix-community",
        "repo": "nixpkgs.lib",
        "rev": "f5901329dade4a6ea039af1433fb087bd9c1fe14",
        "type": "github"
      },
      "original": {
        "owner": "nix-community",
        "repo": "nixpkgs.lib",
        "type": "github"
      }
    },
    "nixpkgs-lib_4": {
      "locked": {
        "lastModified": 1777168982,
        "narHash": "sha256-GOkGPcboWE9BmGCRMLX3worL4EMnsnG8MyKmXNeYuhQ=",
        "owner": "nix-community",
        "repo": "nixpkgs.lib",
        "rev": "f5901329dade4a6ea039af1433fb087bd9c1fe14",
        "type": "github"
      },
      "original": {
        "owner": "nix-community",
        "repo": "nixpkgs.lib",
        "type": "github"
      }
    },
    "nixpkgs-lib_5": {
      "locked": {
        "lastModified": 1777168982,
        "narHash": "sha256-GOkGPcboWE9BmGCRMLX3worL4EMnsnG8MyKmXNeYuhQ=",
        "owner": "nix-community",
        "repo": "nixpkgs.lib",
        "rev": "f5901329dade4a6ea039af1433fb087bd9c1fe14",
        "type": "github"
      },
      "original": {
        "owner": "nix-community",
        "repo": "nixpkgs.lib",
        "type": "github"
      }
    },
    "nixpkgs-lib_6": {
      "locked": {
        "lastModified": 1754788789,
        "narHash": "sha256-x2rJ+Ovzq0sCMpgfgGaaqgBSwY+LST+WbZ6TytnT9Rk=",
        "owner": "nix-community",
        "repo": "nixpkgs.lib",
        "rev": "a73b9c743612e4244d865a2fdee11865283c04e6",
        "type": "github"
      },
      "original": {
        "owner": "nix-community",
        "repo": "nixpkgs.lib",
        "type": "github"
      }
    },
    "nixpkgs-stable-darwin": {
      "locked": {
        "lastModified": 1780534559,
        "narHash": "sha256-e2jiIqs6o/8rso9xFGitwOMsWxxLAQkZ758GoUR10Kw=",
        "owner": "NixOS",
        "repo": "nixpkgs",
        "rev": "42312874ce88f32e2a8f922f57fe00ca9f649d4e",
        "type": "github"
      },
      "original": {
        "owner": "NixOS",
        "ref": "nixpkgs-26.05-darwin",
        "repo": "nixpkgs",
        "type": "github"
      }
    },
    "nixpkgs-stable-nixos": {
      "locked": {
        "lastModified": 1780453794,
        "narHash": "sha256-bXMRa9VTsHSPXL4Cw8R6JJLQeY3Y/IP4+YJCYVmQ7FY=",
        "owner": "NixOS",
        "repo": "nixpkgs",
        "rev": "6b316287bae2ee04c9b93c8c858d930fd07d7338",
        "type": "github"
      },
      "original": {
        "owner": "NixOS",
        "ref": "nixos-26.05",
        "repo": "nixpkgs",
        "type": "github"
      }
    },
    "nur": {
      "inputs": {
        "flake-parts": "flake-parts_9",
        "nixpkgs": [
          "nixpkgs"
        ]
      },
      "locked": {
        "lastModified": 1780658458,
        "narHash": "sha256-FJWkMGwwCZIhhxCFTd55G++3x5RCUrxapPlQKTekNvE=",
        "owner": "nix-community",
        "repo": "NUR",
        "rev": "acab2916133d5bd85cdfd65da8939ab85af37879",
        "type": "github"
      },
      "original": {
        "owner": "nix-community",
        "repo": "NUR",
        "type": "github"
      }
    },
    "pi-quota-usage": {
      "flake": false,
      "locked": {
        "lastModified": 1775488288,
        "narHash": "sha256-VKpe828Z5/SerOoL4h+6kWMKCBo/+NySv//RjUDyNR8=",
        "owner": "Limb",
        "repo": "pi-quota-usage",
        "rev": "7be17c5a9dcc333a0414011af67d3f478b227f2f",
        "type": "github"
      },
      "original": {
        "owner": "Limb",
        "repo": "pi-quota-usage",
        "type": "github"
      }
    },
    "root": {
      "inputs": {
        "agent-sandbox": "agent-sandbox",
        "angrr": "angrr",
        "automader": "automader",
        "bible": "bible",
        "breaktime": "breaktime",
        "brew-api": "brew-api",
        "brew-nix": "brew-nix",
        "ccusage": "ccusage",
        "disko": "disko",
        "emacs-overlay": "emacs-overlay",
        "flake-file": "flake-file",
        "flake-parts": "flake-parts_6",
        "hister": "hister",
        "home-manager": "home-manager",
        "impermanence": "impermanence",
        "jj-spr": "jj-spr",
        "nix-darwin": "nix-darwin",
        "nix-index-database": "nix-index-database",
        "nixos-anywhere": "nixos-anywhere",
        "nixos-wsl": "nixos-wsl",
        "nixpkgs": "nixpkgs",
        "nixpkgs-bleeding": "nixpkgs-bleeding",
        "nixpkgs-stable-darwin": "nixpkgs-stable-darwin",
        "nixpkgs-stable-nixos": "nixpkgs-stable-nixos",
        "nur": "nur",
        "pi-quota-usage": "pi-quota-usage",
        "sops-nix": "sops-nix"
      }
    },
    "rust-analyzer-src": {
      "flake": false,
      "locked": {
        "lastModified": 1761686505,
        "narHash": "sha256-jX6UrGS/hABDaM4jdx3+xgH3KCHP2zKHeTa8CD5myEo=",
        "owner": "rust-lang",
        "repo": "rust-analyzer",
        "rev": "d08d54f3c10dfa41033eb780c3bddb50e09d30fc",
        "type": "github"
      },
      "original": {
        "owner": "rust-lang",
        "ref": "nightly",
        "repo": "rust-analyzer",
        "type": "github"
      }
    },
    "rust-overlay": {
      "inputs": {
        "nixpkgs": [
          "ccusage",
          "nixpkgs"
        ]
      },
      "locked": {
        "lastModified": 1778555852,
        "narHash": "sha256-55EmwooVAS4UpA0oWd5wilKPRqCiHD5BAej9QiNwheY=",
        "owner": "oxalica",
        "repo": "rust-overlay",
        "rev": "f29b0f7a9f367e0056b716f8aa137cb41e784444",
        "type": "github"
      },
      "original": {
        "owner": "oxalica",
        "repo": "rust-overlay",
        "type": "github"
      }
    },
    "sops-nix": {
      "inputs": {
        "nixpkgs": [
          "nixpkgs"
        ]
      },
      "locked": {
        "lastModified": 1780547341,
        "narHash": "sha256-Gq8KNx5A7hBB3uGJaj6eQfLDIz5YdLu92gqBcvHvoUo=",
        "owner": "Mic92",
        "repo": "sops-nix",
        "rev": "9ed65852b6257fbeae4355bc24ecfea307ca759a",
        "type": "github"
      },
      "original": {
        "owner": "Mic92",
        "repo": "sops-nix",
        "type": "github"
      }
    },
    "treefmt-nix": {
      "inputs": {
        "nixpkgs": [
          "angrr",
          "nixpkgs"
        ]
      },
      "locked": {
        "lastModified": 1775636079,
        "narHash": "sha256-pc20NRoMdiar8oPQceQT47UUZMBTiMdUuWrYu2obUP0=",
        "owner": "numtide",
        "repo": "treefmt-nix",
        "rev": "790751ff7fd3801feeaf96d7dc416a8d581265ba",
        "type": "github"
      },
      "original": {
        "owner": "numtide",
        "repo": "treefmt-nix",
        "type": "github"
      }
    },
    "treefmt-nix_2": {
      "inputs": {
        "nixpkgs": [
          "ccusage",
          "nixpkgs"
        ]
      },
      "locked": {
        "lastModified": 1775636079,
        "narHash": "sha256-pc20NRoMdiar8oPQceQT47UUZMBTiMdUuWrYu2obUP0=",
        "owner": "numtide",
        "repo": "treefmt-nix",
        "rev": "790751ff7fd3801feeaf96d7dc416a8d581265ba",
        "type": "github"
      },
      "original": {
        "owner": "numtide",
        "repo": "treefmt-nix",
        "type": "github"
      }
    },
    "treefmt-nix_3": {
      "inputs": {
        "nixpkgs": [
          "jj-spr",
          "nixpkgs"
        ]
      },
      "locked": {
        "lastModified": 1761311587,
        "narHash": "sha256-Msq86cR5SjozQGCnC6H8C+0cD4rnx91BPltZ9KK613Y=",
        "owner": "numtide",
        "repo": "treefmt-nix",
        "rev": "2eddae033e4e74bf581c2d1dfa101f9033dbd2dc",
        "type": "github"
      },
      "original": {
        "owner": "numtide",
        "repo": "treefmt-nix",
        "type": "github"
      }
    }
  },
  "root": "root",
  "version": 7
}
